{
  "version": 4,
  "terraform_version": "1.4.5",
  "serial": 238,
  "lineage": "8e6fd202-5f0d-550c-283a-aaa0d7dbe0c5",
  "outputs": {},
  "resources": [
    {
      "module": "module.compute",
      "mode": "managed",
      "type": "aws_autoscaling_attachment",
      "name": "attach_tg_asg",
      "provider": "provider[\"registry.terraform.io/hashicorp/aws\"]",
      "instances": [
        {
          "schema_version": 0,
          "attributes": {
            "alb_target_group_arn": null,
            "autoscaling_group_name": "terraform-20230503135210153100000005",
            "elb": null,
            "id": "terraform-20230503135210153100000005-20230503135227015200000006",
            "lb_target_group_arn": "arn:aws:elasticloadbalancing:eu-north-1:113304117666:targetgroup/terraform-target-group/108f4f52c7604055"
          },
          "sensitive_attributes": [],
          "private": "bnVsbA==",
          "dependencies": [
            "module.compute.aws_autoscaling_group.autoscale",
            "module.compute.aws_launch_template.launch",
            "module.compute.aws_lb_target_group.test",
            "module.compute.module.network.aws_security_group.tf",
            "module.compute.module.network.aws_subnet.tf",
            "module.compute.module.network.aws_vpc.tf"
          ]
        }
      ]
    },
    {
      "module": "module.compute",
      "mode": "managed",
      "type": "aws_autoscaling_group",
      "name": "autoscale",
      "provider": "provider[\"registry.terraform.io/hashicorp/aws\"]",
      "instances": [
        {
          "schema_version": 0,
          "attributes": {
            "arn": "arn:aws:autoscaling:eu-north-1:113304117666:autoScalingGroup:bdf7cb68-4882-465b-8eb4-9cf46378c694:autoScalingGroupName/terraform-20230503135210153100000005",
            "availability_zones": [
              "eu-north-1c"
            ],
            "capacity_rebalance": false,
            "context": "",
            "default_cooldown": 300,
            "default_instance_warmup": 0,
            "desired_capacity": 3,
            "desired_capacity_type": "",
            "enabled_metrics": null,
            "force_delete": false,
            "force_delete_warm_pool": false,
            "health_check_grace_period": 300,
            "health_check_type": "EC2",
            "id": "terraform-20230503135210153100000005",
            "initial_lifecycle_hook": [],
            "instance_refresh": [],
            "launch_configuration": "",
            "launch_template": [
              {
                "id": "lt-0d4039201ada73040",
                "name": "Terraform-ec20230503135202155600000003",
                "version": "$Latest"
              }
            ],
            "load_balancers": null,
            "max_instance_lifetime": 0,
            "max_size": 3,
            "metrics_granularity": "1Minute",
            "min_elb_capacity": null,
            "min_size": 3,
            "mixed_instances_policy": [],
            "name": "terraform-20230503135210153100000005",
            "name_prefix": "terraform-",
            "placement_group": "",
            "protect_from_scale_in": false,
            "service_linked_role_arn": "arn:aws:iam::113304117666:role/aws-service-role/autoscaling.amazonaws.com/AWSServiceRoleForAutoScaling",
            "suspended_processes": null,
            "tag": [
              {
                "key": "Name",
                "propagate_at_launch": true,
                "value": "Terraform-autoscaling"
              },
              {
                "key": "Owner",
                "propagate_at_launch": true,
                "value": "gavetisyan"
              },
              {
                "key": "Project",
                "propagate_at_launch": true,
                "value": "2023_internship_arm"
              }
            ],
            "tags": null,
            "target_group_arns": null,
            "termination_policies": null,
            "timeouts": null,
            "vpc_zone_identifier": [
              "subnet-0792c8e1f8456b872"
            ],
            "wait_for_capacity_timeout": "10m",
            "wait_for_elb_capacity": null,
            "warm_pool": []
          },
          "sensitive_attributes": [],
          "private": "eyJlMmJmYjczMC1lY2FhLTExZTYtOGY4OC0zNDM2M2JjN2M0YzAiOnsiZGVsZXRlIjo2MDAwMDAwMDAwMDAsInVwZGF0ZSI6NjAwMDAwMDAwMDAwfX0=",
          "dependencies": [
            "module.compute.aws_launch_template.launch",
            "module.compute.module.network.aws_security_group.tf",
            "module.compute.module.network.aws_subnet.tf",
            "module.compute.module.network.aws_vpc.tf"
          ]
        }
      ]
    },
    {
      "module": "module.compute",
      "mode": "managed",
      "type": "aws_eip",
      "name": "lb",
      "provider": "provider[\"registry.terraform.io/hashicorp/aws\"]",
      "instances": [
        {
          "schema_version": 0,
          "attributes": {
            "address": null,
            "allocation_id": "eipalloc-0384548785571b8f4",
            "associate_with_private_ip": null,
            "association_id": "",
            "carrier_ip": "",
            "customer_owned_ip": "",
            "customer_owned_ipv4_pool": "",
            "domain": "vpc",
            "id": "eipalloc-0384548785571b8f4",
            "instance": "",
            "network_border_group": "eu-north-1",
            "network_interface": "",
            "private_dns": null,
            "private_ip": "",
            "public_dns": "ec2-16-16-154-132.eu-north-1.compute.amazonaws.com",
            "public_ip": "16.16.154.132",
            "public_ipv4_pool": "amazon",
            "tags": null,
            "tags_all": {},
            "timeouts": null,
            "vpc": true
          },
          "sensitive_attributes": [],
          "private": "eyJlMmJmYjczMC1lY2FhLTExZTYtOGY4OC0zNDM2M2JjN2M0YzAiOnsiZGVsZXRlIjoxODAwMDAwMDAwMDAsInJlYWQiOjkwMDAwMDAwMDAwMCwidXBkYXRlIjozMDAwMDAwMDAwMDB9fQ=="
        }
      ]
    },
    {
      "module": "module.compute",
      "mode": "managed",
      "type": "aws_launch_template",
      "name": "launch",
      "provider": "provider[\"registry.terraform.io/hashicorp/aws\"]",
      "instances": [
        {
          "schema_version": 0,
          "attributes": {
            "arn": "arn:aws:ec2:eu-north-1:113304117666:launch-template/lt-0d4039201ada73040",
            "block_device_mappings": [],
            "capacity_reservation_specification": [],
            "cpu_options": [],
            "credit_specification": [],
            "default_version": 1,
            "description": "",
            "disable_api_stop": false,
            "disable_api_termination": false,
            "ebs_optimized": "",
            "elastic_gpu_specifications": [],
            "elastic_inference_accelerator": [],
            "enclave_options": [],
            "hibernation_options": [],
            "iam_instance_profile": [],
            "id": "lt-0d4039201ada73040",
            "image_id": "ami-0577c11149d377ab7",
            "instance_initiated_shutdown_behavior": "",
            "instance_market_options": [],
            "instance_requirements": [],
            "instance_type": "t3.micro",
            "kernel_id": "",
            "key_name": "",
            "latest_version": 1,
            "license_specification": [],
            "maintenance_options": [],
            "metadata_options": [],
            "monitoring": [],
            "name": "Terraform-ec20230503135202155600000003",
            "name_prefix": "Terraform-ec",
            "network_interfaces": [],
            "placement": [],
            "private_dns_name_options": [],
            "ram_disk_id": "",
            "security_group_names": null,
            "tag_specifications": [],
            "tags": {
              "Name": "Terraform-test",
              "Owner": "gavetisyan",
              "Project": "2023_internship_arm"
            },
            "tags_all": {
              "Name": "Terraform-test",
              "Owner": "gavetisyan",
              "Project": "2023_internship_arm"
            },
            "update_default_version": null,
            "user_data": "IyEvYmluL2Jhc2ggLXhlCgpkbmYgLXkgaW5zdGFsbCBodHRwZApzdWRvIGNob3duIGVjMi11c2VyIC92YXIvd3d3L2h0bWwvCmxuIC1zIC9ldGMvaG9zdG5hbWUgL3Zhci93d3cvaHRtbC9pbmRleC5odG1sIApzdWRvIHN5c3RlbWN0bCBzdGFydCBodHRwZA==",
            "vpc_security_group_ids": [
              "sg-0642ca20e4b287234"
            ]
          },
          "sensitive_attributes": [],
          "private": "bnVsbA==",
          "dependencies": [
            "module.compute.module.network.aws_security_group.tf",
            "module.compute.module.network.aws_vpc.tf"
          ]
        }
      ]
    },
    {
      "module": "module.compute",
      "mode": "managed",
      "type": "aws_lb",
      "name": "load_balancer",
      "provider": "provider[\"registry.terraform.io/hashicorp/aws\"]",
      "instances": [
        {
          "schema_version": 0,
          "attributes": {
            "access_logs": [
              {
                "bucket": "",
                "enabled": false,
                "prefix": ""
              }
            ],
            "arn": "arn:aws:elasticloadbalancing:eu-north-1:113304117666:loadbalancer/net/test-lb-tf/65896d382c218638",
            "arn_suffix": "net/test-lb-tf/65896d382c218638",
            "customer_owned_ipv4_pool": "",
            "desync_mitigation_mode": null,
            "dns_name": "test-lb-tf-65896d382c218638.elb.eu-north-1.amazonaws.com",
            "drop_invalid_header_fields": null,
            "enable_cross_zone_load_balancing": false,
            "enable_deletion_protection": false,
            "enable_http2": null,
            "enable_tls_version_and_cipher_suite_headers": null,
            "enable_waf_fail_open": null,
            "enable_xff_client_port": null,
            "id": "arn:aws:elasticloadbalancing:eu-north-1:113304117666:loadbalancer/net/test-lb-tf/65896d382c218638",
            "idle_timeout": null,
            "internal": false,
            "ip_address_type": "ipv4",
            "load_balancer_type": "network",
            "name": "test-lb-tf",
            "name_prefix": null,
            "preserve_host_header": null,
            "security_groups": [],
            "subnet_mapping": [
              {
                "allocation_id": "eipalloc-0384548785571b8f4",
                "ipv6_address": "",
                "outpost_id": "",
                "private_ipv4_address": "",
                "subnet_id": "subnet-0792c8e1f8456b872"
              }
            ],
            "subnets": [
              "subnet-0792c8e1f8456b872"
            ],
            "tags": {
              "Name": "Terraform-test",
              "Owner": "gavetisyan",
              "Project": "2023_internship_arm"
            },
            "tags_all": {
              "Name": "Terraform-test",
              "Owner": "gavetisyan",
              "Project": "2023_internship_arm"
            },
            "timeouts": null,
            "vpc_id": "vpc-08a944c2d785213f6",
            "xff_header_processing_mode": null,
            "zone_id": "Z1UDT6IFJ4EJM"
          },
          "sensitive_attributes": [],
          "private": "eyJlMmJmYjczMC1lY2FhLTExZTYtOGY4OC0zNDM2M2JjN2M0YzAiOnsiY3JlYXRlIjo2MDAwMDAwMDAwMDAsImRlbGV0ZSI6NjAwMDAwMDAwMDAwLCJ1cGRhdGUiOjYwMDAwMDAwMDAwMH19",
          "dependencies": [
            "module.compute.aws_eip.lb",
            "module.compute.module.network.aws_subnet.tf",
            "module.compute.module.network.aws_vpc.tf"
          ]
        }
      ]
    },
    {
      "module": "module.compute",
      "mode": "managed",
      "type": "aws_lb_listener",
      "name": "front_end",
      "provider": "provider[\"registry.terraform.io/hashicorp/aws\"]",
      "instances": [
        {
          "schema_version": 0,
          "attributes": {
            "alpn_policy": null,
            "arn": "arn:aws:elasticloadbalancing:eu-north-1:113304117666:listener/net/test-lb-tf/65896d382c218638/968f1e15d1d028d2",
            "certificate_arn": null,
            "default_action": [
              {
                "authenticate_cognito": [],
                "authenticate_oidc": [],
                "fixed_response": [],
                "forward": [],
                "order": 1,
                "redirect": [],
                "target_group_arn": "arn:aws:elasticloadbalancing:eu-north-1:113304117666:targetgroup/terraform-target-group/108f4f52c7604055",
                "type": "forward"
              }
            ],
            "id": "arn:aws:elasticloadbalancing:eu-north-1:113304117666:listener/net/test-lb-tf/65896d382c218638/968f1e15d1d028d2",
            "load_balancer_arn": "arn:aws:elasticloadbalancing:eu-north-1:113304117666:loadbalancer/net/test-lb-tf/65896d382c218638",
            "port": 80,
            "protocol": "TCP",
            "ssl_policy": "",
            "tags": null,
            "tags_all": {},
            "timeouts": null
          },
          "sensitive_attributes": [],
          "private": "eyJlMmJmYjczMC1lY2FhLTExZTYtOGY4OC0zNDM2M2JjN2M0YzAiOnsicmVhZCI6NjAwMDAwMDAwMDAwfX0=",
          "dependencies": [
            "module.compute.aws_eip.lb",
            "module.compute.aws_lb.load_balancer",
            "module.compute.aws_lb_target_group.test",
            "module.compute.module.network.aws_subnet.tf",
            "module.compute.module.network.aws_vpc.tf"
          ]
        }
      ]
    },
    {
      "module": "module.compute",
      "mode": "managed",
      "type": "aws_lb_target_group",
      "name": "test",
      "provider": "provider[\"registry.terraform.io/hashicorp/aws\"]",
      "instances": [
        {
          "schema_version": 0,
          "attributes": {
            "arn": "arn:aws:elasticloadbalancing:eu-north-1:113304117666:targetgroup/terraform-target-group/108f4f52c7604055",
            "arn_suffix": "targetgroup/terraform-target-group/108f4f52c7604055",
            "connection_termination": false,
            "deregistration_delay": "300",
            "health_check": [
              {
                "enabled": true,
                "healthy_threshold": 5,
                "interval": 30,
                "matcher": "",
                "path": "",
                "port": "traffic-port",
                "protocol": "TCP",
                "timeout": 10,
                "unhealthy_threshold": 2
              }
            ],
            "id": "arn:aws:elasticloadbalancing:eu-north-1:113304117666:targetgroup/terraform-target-group/108f4f52c7604055",
            "ip_address_type": "ipv4",
            "lambda_multi_value_headers_enabled": false,
            "load_balancing_algorithm_type": null,
            "load_balancing_cross_zone_enabled": "use_load_balancer_configuration",
            "name": "terraform-target-group",
            "name_prefix": null,
            "port": 80,
            "preserve_client_ip": "true",
            "protocol": "TCP",
            "protocol_version": null,
            "proxy_protocol_v2": false,
            "slow_start": 0,
            "stickiness": [
              {
                "cookie_duration": 0,
                "cookie_name": "",
                "enabled": false,
                "type": "source_ip"
              }
            ],
            "tags": null,
            "tags_all": {},
            "target_failover": [
              {
                "on_deregistration": null,
                "on_unhealthy": null
              }
            ],
            "target_type": "instance",
            "vpc_id": "vpc-08a944c2d785213f6"
          },
          "sensitive_attributes": [],
          "private": "bnVsbA==",
          "dependencies": [
            "module.compute.module.network.aws_vpc.tf"
          ]
        }
      ]
    },
    {
      "module": "module.compute.module.network",
      "mode": "managed",
      "type": "aws_internet_gateway",
      "name": "tf",
      "provider": "provider[\"registry.terraform.io/hashicorp/aws\"]",
      "instances": [
        {
          "schema_version": 0,
          "attributes": {
            "arn": "arn:aws:ec2:eu-north-1:113304117666:internet-gateway/igw-0e076401570a71e82",
            "id": "igw-0e076401570a71e82",
            "owner_id": "113304117666",
            "tags": {
              "Name": "Terraform-gateway",
              "Owner": "gavetisyan",
              "Project": "2023_internship_arm"
            },
            "tags_all": {
              "Name": "Terraform-gateway",
              "Owner": "gavetisyan",
              "Project": "2023_internship_arm"
            },
            "timeouts": null,
            "vpc_id": "vpc-08a944c2d785213f6"
          },
          "sensitive_attributes": [],
          "private": "eyJlMmJmYjczMC1lY2FhLTExZTYtOGY4OC0zNDM2M2JjN2M0YzAiOnsiY3JlYXRlIjoxMjAwMDAwMDAwMDAwLCJkZWxldGUiOjEyMDAwMDAwMDAwMDAsInVwZGF0ZSI6MTIwMDAwMDAwMDAwMH19",
          "dependencies": [
            "module.compute.module.network.aws_vpc.tf"
          ]
        }
      ]
    },
    {
      "module": "module.compute.module.network",
      "mode": "managed",
      "type": "aws_main_route_table_association",
      "name": "a",
      "provider": "provider[\"registry.terraform.io/hashicorp/aws\"]",
      "instances": [
        {
          "schema_version": 0,
          "attributes": {
            "id": "rtbassoc-0c3ee1d86e38d9fe0",
            "original_route_table_id": "rtb-0e352788504b77284",
            "route_table_id": "rtb-00878a67768cf873f",
            "timeouts": null,
            "vpc_id": "vpc-08a944c2d785213f6"
          },
          "sensitive_attributes": [],
          "private": "eyJlMmJmYjczMC1lY2FhLTExZTYtOGY4OC0zNDM2M2JjN2M0YzAiOnsiY3JlYXRlIjozMDAwMDAwMDAwMDAsImRlbGV0ZSI6MzAwMDAwMDAwMDAwLCJ1cGRhdGUiOjEyMDAwMDAwMDAwMH19",
          "dependencies": [
            "module.compute.module.network.aws_internet_gateway.tf",
            "module.compute.module.network.aws_route_table.tf",
            "module.compute.module.network.aws_vpc.tf"
          ]
        }
      ]
    },
    {
      "module": "module.compute.module.network",
      "mode": "managed",
      "type": "aws_route_table",
      "name": "tf",
      "provider": "provider[\"registry.terraform.io/hashicorp/aws\"]",
      "instances": [
        {
          "schema_version": 0,
          "attributes": {
            "arn": "arn:aws:ec2:eu-north-1:113304117666:route-table/rtb-00878a67768cf873f",
            "id": "rtb-00878a67768cf873f",
            "owner_id": "113304117666",
            "propagating_vgws": [],
            "route": [
              {
                "carrier_gateway_id": "",
                "cidr_block": "0.0.0.0/0",
                "core_network_arn": "",
                "destination_prefix_list_id": "",
                "egress_only_gateway_id": "",
                "gateway_id": "igw-0e076401570a71e82",
                "instance_id": "",
                "ipv6_cidr_block": "",
                "local_gateway_id": "",
                "nat_gateway_id": "",
                "network_interface_id": "",
                "transit_gateway_id": "",
                "vpc_endpoint_id": "",
                "vpc_peering_connection_id": ""
              }
            ],
            "tags": {
              "Name": "Terraform-route-table",
              "Owner": "gavetisyan",
              "Project": "2023_internship_arm"
            },
            "tags_all": {
              "Name": "Terraform-route-table",
              "Owner": "gavetisyan",
              "Project": "2023_internship_arm"
            },
            "timeouts": null,
            "vpc_id": "vpc-08a944c2d785213f6"
          },
          "sensitive_attributes": [],
          "private": "eyJlMmJmYjczMC1lY2FhLTExZTYtOGY4OC0zNDM2M2JjN2M0YzAiOnsiY3JlYXRlIjozMDAwMDAwMDAwMDAsImRlbGV0ZSI6MzAwMDAwMDAwMDAwLCJ1cGRhdGUiOjEyMDAwMDAwMDAwMH19",
          "dependencies": [
            "module.compute.module.network.aws_internet_gateway.tf",
            "module.compute.module.network.aws_vpc.tf"
          ]
        }
      ]
    },
    {
      "module": "module.compute.module.network",
      "mode": "managed",
      "type": "aws_security_group",
      "name": "tf",
      "provider": "provider[\"registry.terraform.io/hashicorp/aws\"]",
      "instances": [
        {
          "schema_version": 1,
          "attributes": {
            "arn": "arn:aws:ec2:eu-north-1:113304117666:security-group/sg-0642ca20e4b287234",
            "description": "Managed by Terraform",
            "egress": [
              {
                "cidr_blocks": [
                  "0.0.0.0/0"
                ],
                "description": "",
                "from_port": 0,
                "ipv6_cidr_blocks": [
                  "::/0"
                ],
                "prefix_list_ids": [],
                "protocol": "-1",
                "security_groups": [],
                "self": false,
                "to_port": 0
              }
            ],
            "id": "sg-0642ca20e4b287234",
            "ingress": [
              {
                "cidr_blocks": [
                  "0.0.0.0/0"
                ],
                "description": "HTTPS",
                "from_port": 443,
                "ipv6_cidr_blocks": [],
                "prefix_list_ids": [],
                "protocol": "tcp",
                "security_groups": [],
                "self": false,
                "to_port": 443
              },
              {
                "cidr_blocks": [
                  "0.0.0.0/0"
                ],
                "description": "SSH",
                "from_port": 22,
                "ipv6_cidr_blocks": [],
                "prefix_list_ids": [],
                "protocol": "tcp",
                "security_groups": [],
                "self": false,
                "to_port": 22
              },
              {
                "cidr_blocks": [
                  "139.45.214.21/32"
                ],
                "description": "HTTP",
                "from_port": 80,
                "ipv6_cidr_blocks": [],
                "prefix_list_ids": [],
                "protocol": "tcp",
                "security_groups": [],
                "self": false,
                "to_port": 80
              }
            ],
            "name": "terraform-20230503135159218400000002",
            "name_prefix": "terraform-",
            "owner_id": "113304117666",
            "revoke_rules_on_delete": false,
            "tags": {
              "Name": "Terraform-sec-group",
              "Owner": "gavetisyan",
              "Project": "2023_internship_arm"
            },
            "tags_all": {
              "Name": "Terraform-sec-group",
              "Owner": "gavetisyan",
              "Project": "2023_internship_arm"
            },
            "timeouts": null,
            "vpc_id": "vpc-08a944c2d785213f6"
          },
          "sensitive_attributes": [],
          "private": "eyJlMmJmYjczMC1lY2FhLTExZTYtOGY4OC0zNDM2M2JjN2M0YzAiOnsiY3JlYXRlIjo2MDAwMDAwMDAwMDAsImRlbGV0ZSI6OTAwMDAwMDAwMDAwfSwic2NoZW1hX3ZlcnNpb24iOiIxIn0=",
          "dependencies": [
            "module.compute.module.network.aws_vpc.tf"
          ]
        }
      ]
    },
    {
      "module": "module.compute.module.network",
      "mode": "managed",
      "type": "aws_subnet",
      "name": "tf",
      "provider": "provider[\"registry.terraform.io/hashicorp/aws\"]",
      "instances": [
        {
          "schema_version": 1,
          "attributes": {
            "arn": "arn:aws:ec2:eu-north-1:113304117666:subnet/subnet-0792c8e1f8456b872",
            "assign_ipv6_address_on_creation": false,
            "availability_zone": "eu-north-1c",
            "availability_zone_id": "eun1-az3",
            "cidr_block": "10.0.1.0/24",
            "customer_owned_ipv4_pool": "",
            "enable_dns64": false,
            "enable_lni_at_device_index": 0,
            "enable_resource_name_dns_a_record_on_launch": false,
            "enable_resource_name_dns_aaaa_record_on_launch": false,
            "id": "subnet-0792c8e1f8456b872",
            "ipv6_cidr_block": "",
            "ipv6_cidr_block_association_id": "",
            "ipv6_native": false,
            "map_customer_owned_ip_on_launch": false,
            "map_public_ip_on_launch": true,
            "outpost_arn": "",
            "owner_id": "113304117666",
            "private_dns_hostname_type_on_launch": "ip-name",
            "tags": {
              "Name": "Terraform-subnet",
              "Owner": "gavetisyan",
              "Project": "2023_internship_arm"
            },
            "tags_all": {
              "Name": "Terraform-subnet",
              "Owner": "gavetisyan",
              "Project": "2023_internship_arm"
            },
            "timeouts": null,
            "vpc_id": "vpc-08a944c2d785213f6"
          },
          "sensitive_attributes": [],
          "private": "eyJlMmJmYjczMC1lY2FhLTExZTYtOGY4OC0zNDM2M2JjN2M0YzAiOnsiY3JlYXRlIjo2MDAwMDAwMDAwMDAsImRlbGV0ZSI6MTIwMDAwMDAwMDAwMH0sInNjaGVtYV92ZXJzaW9uIjoiMSJ9",
          "dependencies": [
            "module.compute.module.network.aws_vpc.tf"
          ]
        }
      ]
    },
    {
      "module": "module.compute.module.network",
      "mode": "managed",
      "type": "aws_vpc",
      "name": "tf",
      "provider": "provider[\"registry.terraform.io/hashicorp/aws\"]",
      "instances": [
        {
          "schema_version": 1,
          "attributes": {
            "arn": "arn:aws:ec2:eu-north-1:113304117666:vpc/vpc-08a944c2d785213f6",
            "assign_generated_ipv6_cidr_block": false,
            "cidr_block": "10.0.0.0/16",
            "default_network_acl_id": "acl-07209c5489c8feb38",
            "default_route_table_id": "rtb-0e352788504b77284",
            "default_security_group_id": "sg-0f785d7480bdd264a",
            "dhcp_options_id": "dopt-985fc3f1",
            "enable_classiclink": false,
            "enable_classiclink_dns_support": false,
            "enable_dns_hostnames": false,
            "enable_dns_support": true,
            "enable_network_address_usage_metrics": false,
            "id": "vpc-08a944c2d785213f6",
            "instance_tenancy": "default",
            "ipv4_ipam_pool_id": null,
            "ipv4_netmask_length": null,
            "ipv6_association_id": "",
            "ipv6_cidr_block": "",
            "ipv6_cidr_block_network_border_group": "",
            "ipv6_ipam_pool_id": "",
            "ipv6_netmask_length": 0,
            "main_route_table_id": "rtb-0e352788504b77284",
            "owner_id": "113304117666",
            "tags": {
              "Name": "Terraform-vpc",
              "Owner": "gavetisyan",
              "Project": "2023_internship_arm"
            },
            "tags_all": {
              "Name": "Terraform-vpc",
              "Owner": "gavetisyan",
              "Project": "2023_internship_arm"
            }
          },
          "sensitive_attributes": [],
          "private": "eyJzY2hlbWFfdmVyc2lvbiI6IjEifQ=="
        }
      ]
    },
    {
      "module": "module.network",
      "mode": "managed",
      "type": "aws_internet_gateway",
      "name": "tf",
      "provider": "provider[\"registry.terraform.io/hashicorp/aws\"]",
      "instances": [
        {
          "schema_version": 0,
          "attributes": {
            "arn": "arn:aws:ec2:eu-north-1:113304117666:internet-gateway/igw-0ba301404cc802e91",
            "id": "igw-0ba301404cc802e91",
            "owner_id": "113304117666",
            "tags": {
              "Name": "Terraform-gateway",
              "Owner": "gavetisyan",
              "Project": "2023_internship_arm"
            },
            "tags_all": {
              "Name": "Terraform-gateway",
              "Owner": "gavetisyan",
              "Project": "2023_internship_arm"
            },
            "timeouts": null,
            "vpc_id": "vpc-09814a083e089e103"
          },
          "sensitive_attributes": [],
          "private": "eyJlMmJmYjczMC1lY2FhLTExZTYtOGY4OC0zNDM2M2JjN2M0YzAiOnsiY3JlYXRlIjoxMjAwMDAwMDAwMDAwLCJkZWxldGUiOjEyMDAwMDAwMDAwMDAsInVwZGF0ZSI6MTIwMDAwMDAwMDAwMH19",
          "dependencies": [
            "module.network.aws_vpc.tf"
          ]
        }
      ]
    },
    {
      "module": "module.network",
      "mode": "managed",
      "type": "aws_main_route_table_association",
      "name": "a",
      "provider": "provider[\"registry.terraform.io/hashicorp/aws\"]",
      "instances": [
        {
          "schema_version": 0,
          "attributes": {
            "id": "rtbassoc-06c07e235289a4b01",
            "original_route_table_id": "rtb-06fe6675b2bf2914e",
            "route_table_id": "rtb-01cceb039e5c7603c",
            "timeouts": null,
            "vpc_id": "vpc-09814a083e089e103"
          },
          "sensitive_attributes": [],
          "private": "eyJlMmJmYjczMC1lY2FhLTExZTYtOGY4OC0zNDM2M2JjN2M0YzAiOnsiY3JlYXRlIjozMDAwMDAwMDAwMDAsImRlbGV0ZSI6MzAwMDAwMDAwMDAwLCJ1cGRhdGUiOjEyMDAwMDAwMDAwMH19",
          "dependencies": [
            "module.network.aws_internet_gateway.tf",
            "module.network.aws_route_table.tf",
            "module.network.aws_vpc.tf"
          ]
        }
      ]
    },
    {
      "module": "module.network",
      "mode": "managed",
      "type": "aws_route_table",
      "name": "tf",
      "provider": "provider[\"registry.terraform.io/hashicorp/aws\"]",
      "instances": [
        {
          "schema_version": 0,
          "attributes": {
            "arn": "arn:aws:ec2:eu-north-1:113304117666:route-table/rtb-01cceb039e5c7603c",
            "id": "rtb-01cceb039e5c7603c",
            "owner_id": "113304117666",
            "propagating_vgws": [],
            "route": [
              {
                "carrier_gateway_id": "",
                "cidr_block": "0.0.0.0/0",
                "core_network_arn": "",
                "destination_prefix_list_id": "",
                "egress_only_gateway_id": "",
                "gateway_id": "igw-0ba301404cc802e91",
                "instance_id": "",
                "ipv6_cidr_block": "",
                "local_gateway_id": "",
                "nat_gateway_id": "",
                "network_interface_id": "",
                "transit_gateway_id": "",
                "vpc_endpoint_id": "",
                "vpc_peering_connection_id": ""
              }
            ],
            "tags": {
              "Name": "Terraform-route-table",
              "Owner": "gavetisyan",
              "Project": "2023_internship_arm"
            },
            "tags_all": {
              "Name": "Terraform-route-table",
              "Owner": "gavetisyan",
              "Project": "2023_internship_arm"
            },
            "timeouts": null,
            "vpc_id": "vpc-09814a083e089e103"
          },
          "sensitive_attributes": [],
          "private": "eyJlMmJmYjczMC1lY2FhLTExZTYtOGY4OC0zNDM2M2JjN2M0YzAiOnsiY3JlYXRlIjozMDAwMDAwMDAwMDAsImRlbGV0ZSI6MzAwMDAwMDAwMDAwLCJ1cGRhdGUiOjEyMDAwMDAwMDAwMH19",
          "dependencies": [
            "module.network.aws_internet_gateway.tf",
            "module.network.aws_vpc.tf"
          ]
        }
      ]
    },
    {
      "module": "module.network",
      "mode": "managed",
      "type": "aws_security_group",
      "name": "tf",
      "provider": "provider[\"registry.terraform.io/hashicorp/aws\"]",
      "instances": [
        {
          "schema_version": 1,
          "attributes": {
            "arn": "arn:aws:ec2:eu-north-1:113304117666:security-group/sg-0bb920a5e2f3ea3e2",
            "description": "Managed by Terraform",
            "egress": [
              {
                "cidr_blocks": [
                  "0.0.0.0/0"
                ],
                "description": "",
                "from_port": 0,
                "ipv6_cidr_blocks": [
                  "::/0"
                ],
                "prefix_list_ids": [],
                "protocol": "-1",
                "security_groups": [],
                "self": false,
                "to_port": 0
              }
            ],
            "id": "sg-0bb920a5e2f3ea3e2",
            "ingress": [
              {
                "cidr_blocks": [
                  "0.0.0.0/0"
                ],
                "description": "HTTPS",
                "from_port": 443,
                "ipv6_cidr_blocks": [],
                "prefix_list_ids": [],
                "protocol": "tcp",
                "security_groups": [],
                "self": false,
                "to_port": 443
              },
              {
                "cidr_blocks": [
                  "0.0.0.0/0"
                ],
                "description": "SSH",
                "from_port": 22,
                "ipv6_cidr_blocks": [],
                "prefix_list_ids": [],
                "protocol": "tcp",
                "security_groups": [],
                "self": false,
                "to_port": 22
              },
              {
                "cidr_blocks": [
                  "139.45.214.21/32"
                ],
                "description": "HTTP",
                "from_port": 80,
                "ipv6_cidr_blocks": [],
                "prefix_list_ids": [],
                "protocol": "tcp",
                "security_groups": [],
                "self": false,
                "to_port": 80
              }
            ],
            "name": "terraform-20230503135159055500000001",
            "name_prefix": "terraform-",
            "owner_id": "113304117666",
            "revoke_rules_on_delete": false,
            "tags": {
              "Name": "Terraform-sec-group",
              "Owner": "gavetisyan",
              "Project": "2023_internship_arm"
            },
            "tags_all": {
              "Name": "Terraform-sec-group",
              "Owner": "gavetisyan",
              "Project": "2023_internship_arm"
            },
            "timeouts": null,
            "vpc_id": "vpc-09814a083e089e103"
          },
          "sensitive_attributes": [],
          "private": "eyJlMmJmYjczMC1lY2FhLTExZTYtOGY4OC0zNDM2M2JjN2M0YzAiOnsiY3JlYXRlIjo2MDAwMDAwMDAwMDAsImRlbGV0ZSI6OTAwMDAwMDAwMDAwfSwic2NoZW1hX3ZlcnNpb24iOiIxIn0=",
          "dependencies": [
            "module.network.aws_vpc.tf"
          ]
        }
      ]
    },
    {
      "module": "module.network",
      "mode": "managed",
      "type": "aws_subnet",
      "name": "tf",
      "provider": "provider[\"registry.terraform.io/hashicorp/aws\"]",
      "instances": [
        {
          "schema_version": 1,
          "attributes": {
            "arn": "arn:aws:ec2:eu-north-1:113304117666:subnet/subnet-051b84dab6c7ed6b9",
            "assign_ipv6_address_on_creation": false,
            "availability_zone": "eu-north-1c",
            "availability_zone_id": "eun1-az3",
            "cidr_block": "10.0.1.0/24",
            "customer_owned_ipv4_pool": "",
            "enable_dns64": false,
            "enable_lni_at_device_index": 0,
            "enable_resource_name_dns_a_record_on_launch": false,
            "enable_resource_name_dns_aaaa_record_on_launch": false,
            "id": "subnet-051b84dab6c7ed6b9",
            "ipv6_cidr_block": "",
            "ipv6_cidr_block_association_id": "",
            "ipv6_native": false,
            "map_customer_owned_ip_on_launch": false,
            "map_public_ip_on_launch": true,
            "outpost_arn": "",
            "owner_id": "113304117666",
            "private_dns_hostname_type_on_launch": "ip-name",
            "tags": {
              "Name": "Terraform-subnet",
              "Owner": "gavetisyan",
              "Project": "2023_internship_arm"
            },
            "tags_all": {
              "Name": "Terraform-subnet",
              "Owner": "gavetisyan",
              "Project": "2023_internship_arm"
            },
            "timeouts": null,
            "vpc_id": "vpc-09814a083e089e103"
          },
          "sensitive_attributes": [],
          "private": "eyJlMmJmYjczMC1lY2FhLTExZTYtOGY4OC0zNDM2M2JjN2M0YzAiOnsiY3JlYXRlIjo2MDAwMDAwMDAwMDAsImRlbGV0ZSI6MTIwMDAwMDAwMDAwMH0sInNjaGVtYV92ZXJzaW9uIjoiMSJ9",
          "dependencies": [
            "module.network.aws_vpc.tf"
          ]
        }
      ]
    },
    {
      "module": "module.network",
      "mode": "managed",
      "type": "aws_vpc",
      "name": "tf",
      "provider": "provider[\"registry.terraform.io/hashicorp/aws\"]",
      "instances": [
        {
          "schema_version": 1,
          "attributes": {
            "arn": "arn:aws:ec2:eu-north-1:113304117666:vpc/vpc-09814a083e089e103",
            "assign_generated_ipv6_cidr_block": false,
            "cidr_block": "10.0.0.0/16",
            "default_network_acl_id": "acl-0ec7027db4259e96c",
            "default_route_table_id": "rtb-06fe6675b2bf2914e",
            "default_security_group_id": "sg-02a34683fa6ce6d73",
            "dhcp_options_id": "dopt-985fc3f1",
            "enable_classiclink": false,
            "enable_classiclink_dns_support": false,
            "enable_dns_hostnames": false,
            "enable_dns_support": true,
            "enable_network_address_usage_metrics": false,
            "id": "vpc-09814a083e089e103",
            "instance_tenancy": "default",
            "ipv4_ipam_pool_id": null,
            "ipv4_netmask_length": null,
            "ipv6_association_id": "",
            "ipv6_cidr_block": "",
            "ipv6_cidr_block_network_border_group": "",
            "ipv6_ipam_pool_id": "",
            "ipv6_netmask_length": 0,
            "main_route_table_id": "rtb-06fe6675b2bf2914e",
            "owner_id": "113304117666",
            "tags": {
              "Name": "Terraform-vpc",
              "Owner": "gavetisyan",
              "Project": "2023_internship_arm"
            },
            "tags_all": {
              "Name": "Terraform-vpc",
              "Owner": "gavetisyan",
              "Project": "2023_internship_arm"
            }
          },
          "sensitive_attributes": [],
          "private": "eyJzY2hlbWFfdmVyc2lvbiI6IjEifQ=="
        }
      ]
    }
  ],
  "check_results": null
}
